// !$*UTF8*$!
{
	archiveVersion = 1;
	classes = {
	};
	objectVersion = 46;
	objects = {

/* Begin PBXBuildFile section */
		FEE4DE971DF92839007CAB26 /* AppDelegate.swift in Sources */ = {isa = PBXBuildFile; fileRef = FEE4DE961DF92839007CAB26 /* AppDelegate.swift */; };
		FEE4DE991DF92839007CAB26 /* ViewController.swift in Sources */ = {isa = PBXBuildFile; fileRef = FEE4DE981DF92839007CAB26 /* ViewController.swift */; };
		FEE4DE9C1DF92839007CAB26 /* Main.storyboard in Resources */ = {isa = PBXBuildFile; fileRef = FEE4DE9A1DF92839007CAB26 /* Main.storyboard */; };
		FEE4DE9E1DF92839007CAB26 /* Assets.xcassets in Resources */ = {isa = PBXBuildFile; fileRef = FEE4DE9D1DF92839007CAB26 /* Assets.xcassets */; };
		FEE4DEA11DF92839007CAB26 /* LaunchScreen.storyboard in Resources */ = {isa = PBXBuildFile; fileRef = FEE4DE9F1DF92839007CAB26 /* LaunchScreen.storyboard */; };
/* End PBXBuildFile section */

/* Begin PBXFileReference section */
		FEE4DE931DF92839007CAB26 /* App - CatYears.app */ = {isa = PBXFileReference; explicitFileType = wrapper.application; includeInIndex = 0; path = "App - CatYears.app"; sourceTree = BUILT_PRODUCTS_DIR; };
		FEE4DE961DF92839007CAB26 /* AppDelegate.swift */ = {isa = PBXFileReference; lastKnownFileType = sourcecode.swift; path = AppDelegate.swift; sourceTree = "<group>"; };
		FEE4DE981DF92839007CAB26 /* ViewController.swift */ = {isa = PBXFileReference; lastKnownFileType = sourcecode.swift; path = ViewController.swift; sourceTree = "<group>"; };
		FEE4DE9B1DF92839007CAB26 /* Base */ = {isa = PBXFileReference; lastKnownFileType = file.storyboard; name = Base; path = Base.lproj/Main.storyboard; sourceTree = "<group>"; };
		FEE4DE9D1DF92839007CAB26 /* Assets.xcassets */ = {isa = PBXFileReference; lastKnownFileType = folder.assetcatalog; path = Assets.xcassets; sourceTree = "<group>"; };
		FEE4DEA01DF92839007CAB26 /* Base */ = {isa = PBXFileReference; lastKnownFileType = file.storyboard; name = Base; path = Base.lproj/LaunchScreen.storyboard; sourceTree = "<group>"; };
		FEE4DEA21DF92839007CAB26 /* Info.plist */ = {isa = PBXFileReference; lastKnownFileType = text.plist.xml; path = Info.plist; sourceTree = "<group>"; };
/* End PBXFileReference section */

/* Begin PBXFrameworksBuildPhase section */
		FEE4DE901DF92839007CAB26 /* Frameworks */ = {
			isa = PBXFrameworksBuildPhase;
			buildActionMask = 2147483647;
			files = (
			);
			runOnlyForDeploymentPostprocessing = 0;
		};
/* End PBXFrameworksBuildPhase section */

/* Begin PBXGroup section */
		FEE4DE8A1DF92839007CAB26 = {
			isa = PBXGroup;
			children = (
				FEE4DE951DF92839007CAB26 /* App - CatYears */,
				FEE4DE941DF92839007CAB26 /* Products */,
			);
			sourceTree = "<group>";
		};
		FEE4DE941DF92839007CAB26 /* Products */ = {
			isa = PBXGroup;
			children = (
				FEE4DE931DF92839007CAB26 /* App - CatYears.app */,
			);
			name = Products;
			sourceTree = "<group>";
		};
		FEE4DE951DF92839007CAB26 /* App - CatYears */ = {
			isa = PBXGroup;
			children = (
				FEE4DE961DF92839007CAB26 /* AppDelegate.swift */,
				FEE4DE981DF92839007CAB26 /* ViewController.swift */,
				FEE4DE9A1DF92839007CAB26 /* Main.storyboard */,
				FEE4DE9D1DF92839007CAB26 /* Assets.xcassets */,
				FEE4DE9F1DF92839007CAB26 /* LaunchScreen.storyboard */,
				FEE4DEA21DF92839007CAB26 /* Info.plist */,
			);
			path = "App - CatYears";
			sourceTree = "<group>";
		};
/* End PBXGroup section */

/* Begin PBXNativeTarget section */
		FEE4DE921DF92839007CAB26 /* App - CatYears */ = {
			isa = PBXNativeTarget;
			buildConfigurationList = FEE4DEA51DF92839007CAB26 /* Build configuration list for PBXNativeTarget "App - CatYears" */;
			buildPhases = (
				FEE4DE8F1DF92839007CAB26 /* Sources */,
				FEE4DE901DF92839007CAB26 /* Frameworks */,
				FEE4DE911DF92839007CAB26 /* Resources */,
			);
			buildRules = (
			);
			dependencies = (
			);
			name = "App - CatYears";
			productName = "App - CatYears";
			productReference = FEE4DE931DF92839007CAB26 /* App - CatYears.app */;
			productType = "com.apple.product-type.application";
		};
/* End PBXNativeTarget section */

/* Begin PBXProject section */
		FEE4DE8B1DF92839007CAB26 /* Project object */ = {
			isa = PBXProject;
			attributes = {
				LastSwiftUpdateCheck = 0810;
				LastUpgradeCheck = 0810;
				ORGANIZATIONNAME = PomHaffs;
				TargetAttributes = {
					FEE4DE921DF92839007CAB26 = {
						CreatedOnToolsVersion = 8.1;
						DevelopmentTeam = 37N4597A88;
						ProvisioningStyle = Automatic;
					};
				};
			};
			buildConfigurationList = FEE4DE8E1DF92839007CAB26 /* Build configuration list for PBXProject "App - CatYears" */;
			compatibilityVersion = "Xcode 3.2";
			developmentRegion = English;
			hasScannedForEncodings = 0;
			knownRegions = (
				en,
				Base,
			);
			mainGroup = FEE4DE8A1DF92839007CAB26;
			productRefGroup = FEE4DE941DF92839007CAB26 /* Products */;
			projectDirPath = "";
			projectRoot = "";
			targets = (
				FEE4DE921DF92839007CAB26 /* App - CatYears */,
			);
		};
/* End PBXProject section */

/* Begin PBXResourcesBuildPhase section */
		FEE4DE911DF92839007CAB26 /* Resources */ = {
			isa = PBXResourcesBuildPhase;
			buildActionMask = 2147483647;
			files = (
				FEE4DEA11DF92839007CAB26 /* LaunchScreen.storyboard in Resources */,
				FEE4DE9E1DF92839007CAB26 /* Assets.xcassets in Resources */,
				FEE4DE9C1DF92839007CAB26 /* Main.storyboard in Resources */,
			);
			runOnlyForDeploymentPostprocessing = 0;
		};
/* End PBXResourcesBuildPhase section */

/* Begin PBXSourcesBuildPhase section */
		FEE4DE8F1DF92839007CAB26 /* Sources */ = {
			isa = PBXSourcesBuildPhase;
			buildActionMask = 2147483647;
			files = (
				FEE4DE991DF92839007CAB26 /* ViewController.swift in Sources */,
				FEE4DE971DF92839007CAB26 /* AppDelegate.swift in Sources */,
			);
			runOnlyForDeploymentPostprocessing = 0;
		};
/* End PBXSourcesBuildPhase section */

/* Begin PBXVariantGroup section */
		FEE4DE9A1DF92839007CAB26 /* Main.storyboard */ = {
			isa = PBXVariantGroup;
			children = (
				FEE4DE9B1DF92839007CAB26 /* Base */,
			);
			name = Main.storyboard;
			sourceTree = "<group>";
		};
		FEE4DE9F1DF92839007CAB26 /* LaunchScreen.storyboard */ = {
			isa = PBXVariantGroup;
			children = (
				FEE4DEA01DF92839007CAB26 /* Base */,
			);
			name = LaunchScreen.storyboard;
			sourceTree = "<group>";
		};
/* End PBXVariantGroup section */

/* Begin XCBuildConfiguration section */
		FEE4DEA31DF92839007CAB26 /* Debug */ = {
			isa = XCBuildConfiguration;
			buildSettings = {
				ALWAYS_SEARCH_USER_PATHS = NO;
				CLANG_ANALYZER_NONNULL = YES;
				CLANG_CXX_LANGUAGE_STANDARD = "gnu++0x";
				CLANG_CXX_LIBRARY = "libc++";
				CLANG_ENABLE_MODULES = YES;
				CLANG_ENABLE_OBJC_ARC = YES;
				CLANG_WARN_BOOL_CONVERSION = YES;
				CLANG_WARN_CONSTANT_CONVERSION = YES;
				CLANG_WARN_DIRECT_OBJC_ISA_USAGE = YES_ERROR;
				CLANG_WARN_DOCUMENTATION_COMMENTS = YES;
				CLANG_WARN_EMPTY_BODY = YES;
				CLANG_WARN_ENUM_CONVERSION = YES;
				CLANG_WARN_INFINITE_RECURSION = YES;
				CLANG_WARN_INT_CONVERSION = YES;
				CLANG_WARN_OBJC_ROOT_CLASS = YES_ERROR;
				CLANG_WARN_SUSPICIOUS_MOVES = YES;
				CLANG_WARN_UNREACHABLE_CODE = YES;
				CLANG_WARN__DUPLICATE_METHOD_MATCH = YES;
				"CODE_SIGN_IDENTITY[sdk=iphoneos*]" = "iPhone Developer";
				COPY_PHASE_STRIP = NO;
				DEBUG_INFORMATION_FORMAT = dwarf;
				ENABLE_STRICT_OBJC_MSGSEND = YES;
				ENABLE_TESTABILITY = YES;
				GCC_C_LANGUAGE_STANDARD = gnu99;
				GCC_DYNAMIC_NO_PIC = NO;
				GCC_NO_COMMON_BLOCKS = YES;
				GCC_OPTIMIZATION_LEVEL = 0;
				GCC_PREPROCESSOR_DEFINITIONS = (
					"DEBUG=1",
					"$(inherited)",
				);
				GCC_WARN_64_TO_32_BIT_CONVERSION = YES;
				GCC_WARN_ABOUT_RETURN_TYPE = YES_ERROR;
				GCC_WARN_UNDECLARED_SELECTOR = YES;
				GCC_WARN_UNINITIALIZED_AUTOS = YES_AGGRESSIVE;
				GCC_WARN_UNUSED_FUNCTION = YES;
				GCC_WARN_UNUSED_VARIABLE = YES;
				IPHONEOS_DEPLOYMENT_TARGET = 10.1;
				MTL_ENABLE_DEBUG_INFO = YES;
				ONLY_ACTIVE_ARCH = YES;
				SDKROOT = iphoneos;
				SWIFT_ACTIVE_COMPILATION_CONDITIONS = DEBUG;
				SWIFT_OPTIMIZATION_LEVEL = "-Onone";
				TARGETED_DEVICE_FAMILY = "1,2";
			};
			name = Debug;
		};
		FEE4DEA41DF92839007CAB26 /* Release */ = {
			isa = XCBuildConfiguration;
			buildSettings = {
				ALWAYS_SEARCH_USER_PATHS = NO;
				CLANG_ANALYZER_NONNULL = YES;
				CLANG_CXX_LANGUAGE_STANDARD = "gnu++0x";
				CLANG_CXX_LIBRARY = "libc++";
				CLANG_ENABLE_MODULES = YES;
				CLANG_ENABLE_OBJC_ARC = YES;
				CLANG_WARN_BOOL_CONVERSION = YES;
				CLANG_WARN_CONSTANT_CONVERSION = YES;
				CLANG_WARN_DIRECT_OBJC_ISA_USAGE = YES_ERROR;
				CLANG_WARN_DOCUMENTATION_COMMENTS = YES;
				CLANG_WARN_EMPTY_BODY = YES;
				CLANG_WARN_ENUM_CONVERSION = YES;
				CLANG_WARN_INFINITE_RECURSION = YES;
				CLANG_WARN_INT_CONVERSION = YES;
				CLANG_WARN_OBJC_ROOT_CLASS = YES_ERROR;
				CLANG_WARN_SUSPICIOUS_MOVES = YES;
				CLANG_WARN_UNREACHABLE_CODE = YES;
				CLANG_WARN__DUPLICATE_METHOD_MATCH = YES;
				"CODE_SIGN_IDENTITY[sdk=iphoneos*]" = "iPhone Developer";
				COPY_PHASE_STRIP = NO;
				DEBUG_INFORMATION_FORMAT = "dwarf-with-dsym";
				ENABLE_NS_ASSERTIONS = NO;
				ENABLE_STRICT_OBJC_MSGSEND = YES;
				GCC_C_LANGUAGE_STANDARD = gnu99;
				GCC_NO_COMMON_BLOCKS = YES;
				GCC_WARN_64_TO_32_BIT_CONVERSION = YES;
				GCC_WARN_ABOUT_RETURN_TYPE = YES_ERROR;
				GCC_WARN_UNDECLARED_SELECTOR = YES;
				GCC_WARN_UNINITIALIZED_AUTOS = YES_AGGRESSIVE;
				GCC_WARN_UNUSED_FUNCTION = YES;
				GCC_WARN_UNUSED_VARIABLE = YES;
				IPHONEOS_DEPLOYMENT_TARGET = 10.1;
				MTL_ENABLE_DEBUG_INFO = NO;
				SDKROOT = iphoneos;
				SWIFT_OPTIMIZATION_LEVEL = "-Owholemodule";
				TARGETED_DEVICE_FAMILY = "1,2";
				VALIDATE_PRODUCT = YES;
			};
			name = Release;
		};
		FEE4DEA61DF92839007CAB26 /* Debug */ = {
			isa = XCBuildConfiguration;
			buildSettings = {
				ASSETCATALOG_COMPILER_APPICON_NAME = AppIcon;
				DEVELOPMENT_TEAM = 37N4597A88;
				INFOPLIST_FILE = "App - CatYears/Info.plist";
				LD_RUNPATH_SEARCH_PATHS = "$(inherited) @executable_path/Frameworks";
				PRODUCT_BUNDLE_IDENTIFIER = "PomHaffs.App---CatYears";
				PRODUCT_NAME = "$(TARGET_NAME)";
				SWIFT_VERSION = 3.0;
			};
			name = Debug;
		};
		FEE4DEA71DF92839007CAB26 /* Release */ = {
			isa = XCBuildConfiguration;
			buildSettings = {
				ASSETCATALOG_COMPILER_APPICON_NAME = AppIcon;
				DEVELOPMENT_TEAM = 37N4597A88;
				INFOPLIST_FILE = "App - CatYears/Info.plist";
				LD_RUNPATH_SEARCH_PATHS = "$(inherited) @executable_path/Frameworks";
				PRODUCT_BUNDLE_IDENTIFIER = "PomHaffs.App---CatYears";
				PRODUCT_NAME = "$(TARGET_NAME)";
				SWIFT_VERSION = 3.0;
			};
			name = Release;
		};
/* End XCBuildConfiguration section */

/* Begin XCConfigurationList section */
		FEE4DE8E1DF92839007CAB26 /* Build configuration list for PBXProject "App - CatYears" */ = {
			isa = XCConfigurationList;
			buildConfigurations = (
				FEE4DEA31DF92839007CAB26 /* Debug */,
				FEE4DEA41DF92839007CAB26 /* Release */,
			);
			defaultConfigurationIsVisible = 0;
			defaultConfigurationName = Release;
		};
		FEE4DEA51DF92839007CAB26 /* Build configuration list for PBXNativeTarget "App - CatYears" */ = {
			isa = XCConfigurationList;
			buildConfigurations = (
				FEE4DEA61DF92839007CAB26 /* Debug */,
				FEE4DEA71DF92839007CAB26 /* Release */,
			);
			defaultConfigurationIsVisible = 0;
		};
/* End XCConfigurationList section */
	};
	rootObject = FEE4DE8B1DF92839007CAB26 /* Project object */;
}
